
Microsoft Visual Studio Solution File, Format Version 12.00
# Visual Studio Version 17
VisualStudioVersion = 17.5.33516.290
MinimumVisualStudioVersion = 10.0.40219.1
Project("{FAE04EC0-301F-11D3-BF4B-00C04F79EFBC}") = "TickTackToe2.Tests", "TickTackToe2.Tests\TickTackToe2.Tests.csproj", "{C59D5159-566E-440F-A4C6-904EF92CDDE7}"
EndProject
Project("{FAE04EC0-301F-11D3-BF4B-00C04F79EFBC}") = "TickTackToe2.Console", "TickTackToe2.Console\TickTackToe2.Console.csproj", "{3701EED5-BC89-4E42-BC5E-96F27B33A96B}"
EndProject
Global
	GlobalSection(SolutionConfigurationPlatforms) = preSolution
		Debug|Any CPU = Debug|Any CPU
		Release|Any CPU = Release|Any CPU
	EndGlobalSection
	GlobalSection(ProjectConfigurationPlatforms) = postSolution
		{C59D5159-566E-440F-A4C6-904EF92CDDE7}.Debug|Any CPU.ActiveCfg = Debug|Any CPU
		{C59D5159-566E-440F-A4C6-904EF92CDDE7}.Debug|Any CPU.Build.0 = Debug|Any CPU
		{C59D5159-566E-440F-A4C6-904EF92CDDE7}.Release|Any CPU.ActiveCfg = Release|Any CPU
		{C59D5159-566E-440F-A4C6-904EF92CDDE7}.Release|Any CPU.Build.0 = Release|Any CPU
		{3701EED5-BC89-4E42-BC5E-96F27B33A96B}.Debug|Any CPU.ActiveCfg = Debug|Any CPU
		{3701EED5-BC89-4E42-BC5E-96F27B33A96B}.Debug|Any CPU.Build.0 = Debug|Any CPU
		{3701EED5-BC89-4E42-BC5E-96F27B33A96B}.Release|Any CPU.ActiveCfg = Release|Any CPU
		{3701EED5-BC89-4E42-BC5E-96F27B33A96B}.Release|Any CPU.Build.0 = Release|Any CPU
	EndGlobalSection
	GlobalSection(SolutionProperties) = preSolution
		HideSolutionNode = FALSE
	EndGlobalSection
	GlobalSection(ExtensibilityGlobals) = postSolution
		SolutionGuid = {555680A0-8370-43F5-8756-3D495D6B0D64}
	EndGlobalSection
EndGlobal
